
Microsoft Visual Studio Solution File, Format Version 12.00
# Visual Studio 15
VisualStudioVersion = 15.0.27428.2011
MinimumVisualStudioVersion = 10.0.40219.1
Project("{FAE04EC0-301F-11D3-BF4B-00C04F79EFBC}") = "Parallel Loops", "Parallel Loops\Parallel Loops.csproj", "{37F9A862-B416-43E9-AD3D-48916834E6A0}"
EndProject
Global
	GlobalSection(SolutionConfigurationPlatforms) = preSolution
		Debug|Any CPU = Debug|Any CPU
		Release|Any CPU = Release|Any CPU
	EndGlobalSection
	GlobalSection(ProjectConfigurationPlatforms) = postSolution
		{37F9A862-B416-43E9-AD3D-48916834E6A0}.Debug|Any CPU.ActiveCfg = Debug|Any CPU
		{37F9A862-B416-43E9-AD3D-48916834E6A0}.Debug|Any CPU.Build.0 = Debug|Any CPU
		{37F9A862-B416-43E9-AD3D-48916834E6A0}.Release|Any CPU.ActiveCfg = Release|Any CPU
		{37F9A862-B416-43E9-AD3D-48916834E6A0}.Release|Any CPU.Build.0 = Release|Any CPU
	EndGlobalSection
	GlobalSection(SolutionProperties) = preSolution
		HideSolutionNode = FALSE
	EndGlobalSection
	GlobalSection(ExtensibilityGlobals) = postSolution
		SolutionGuid = {7DC92792-B483-45D3-B92E-9FC9D1E7C15A}
	EndGlobalSection
EndGlobal
